
Microsoft Visual Studio Solution File, Format Version 12.00
# Visual Studio Version 17
VisualStudioVersion = 17.11.35208.52
MinimumVisualStudioVersion = 10.0.40219.1
Project("{FAE04EC0-301F-11D3-BF4B-00C04F79EFBC}") = "Bookstore-Management", "Bookstore-Management\Bookstore-Management.csproj", "{00F98031-F1FD-4257-9A6E-DF0E64FAAA48}"
EndProject
Global
	GlobalSection(SolutionConfigurationPlatforms) = preSolution
		Debug|Any CPU = Debug|Any CPU
		Release|Any CPU = Release|Any CPU
	EndGlobalSection
	GlobalSection(ProjectConfigurationPlatforms) = postSolution
		{00F98031-F1FD-4257-9A6E-DF0E64FAAA48}.Debug|Any CPU.ActiveCfg = Debug|Any CPU
		{00F98031-F1FD-4257-9A6E-DF0E64FAAA48}.Debug|Any CPU.Build.0 = Debug|Any CPU
		{00F98031-F1FD-4257-9A6E-DF0E64FAAA48}.Release|Any CPU.ActiveCfg = Release|Any CPU
		{00F98031-F1FD-4257-9A6E-DF0E64FAAA48}.Release|Any CPU.Build.0 = Release|Any CPU
	EndGlobalSection
	GlobalSection(SolutionProperties) = preSolution
		HideSolutionNode = FALSE
	EndGlobalSection
	GlobalSection(ExtensibilityGlobals) = postSolution
		SolutionGuid = {41F429F8-A268-4940-BE2A-3D768BD13C80}
	EndGlobalSection
EndGlobal
